
Microsoft Visual Studio Solution File, Format Version 12.00
# Visual Studio Version 16
VisualStudioVersion = 16.0.30611.23
MinimumVisualStudioVersion = 10.0.40219.1
Project("{9A19103F-16F7-4668-BE54-9A1E7A4F7556}") = "Clip", "Clip\Clip.csproj", "{E63FBC7B-3382-4316-8864-4B2689641298}"
EndProject
Global
	GlobalSection(SolutionConfigurationPlatforms) = preSolution
		Debug|Any CPU = Debug|Any CPU
		Release|Any CPU = Release|Any CPU
	EndGlobalSection
	GlobalSection(ProjectConfigurationPlatforms) = postSolution
		{E63FBC7B-3382-4316-8864-4B2689641298}.Debug|Any CPU.ActiveCfg = Debug|Any CPU
		{E63FBC7B-3382-4316-8864-4B2689641298}.Debug|Any CPU.Build.0 = Debug|Any CPU
		{E63FBC7B-3382-4316-8864-4B2689641298}.Release|Any CPU.ActiveCfg = Release|Any CPU
		{E63FBC7B-3382-4316-8864-4B2689641298}.Release|Any CPU.Build.0 = Release|Any CPU
	EndGlobalSection
	GlobalSection(SolutionProperties) = preSolution
		HideSolutionNode = FALSE
	EndGlobalSection
	GlobalSection(ExtensibilityGlobals) = postSolution
		SolutionGuid = {15727390-C1A4-4345-AD67-7B890F18D52E}
	EndGlobalSection
EndGlobal
